
Microsoft Visual Studio Solution File, Format Version 12.00
# Visual Studio Version 17
VisualStudioVersion = 17.8.34511.84
MinimumVisualStudioVersion = 10.0.40219.1
Project("{FAE04EC0-301F-11D3-BF4B-00C04F79EFBC}") = "EmployeeManagement", "EmployeeManagement\EmployeeManagement.csproj", "{BD519293-1181-46D1-9863-A88B12819FDB}"
EndProject
Global
	GlobalSection(SolutionConfigurationPlatforms) = preSolution
		Debug|Any CPU = Debug|Any CPU
		Release|Any CPU = Release|Any CPU
	EndGlobalSection
	GlobalSection(ProjectConfigurationPlatforms) = postSolution
		{BD519293-1181-46D1-9863-A88B12819FDB}.Debug|Any CPU.ActiveCfg = Debug|Any CPU
		{BD519293-1181-46D1-9863-A88B12819FDB}.Debug|Any CPU.Build.0 = Debug|Any CPU
		{BD519293-1181-46D1-9863-A88B12819FDB}.Release|Any CPU.ActiveCfg = Release|Any CPU
		{BD519293-1181-46D1-9863-A88B12819FDB}.Release|Any CPU.Build.0 = Release|Any CPU
	EndGlobalSection
	GlobalSection(SolutionProperties) = preSolution
		HideSolutionNode = FALSE
	EndGlobalSection
	GlobalSection(ExtensibilityGlobals) = postSolution
		SolutionGuid = {FAE3661E-5B19-46E6-80F8-DE91E270B391}
	EndGlobalSection
EndGlobal
